{
  "object": {
    "pins": [
      {
        "package": "Cairo",
        "repositoryURL": "https://github.com/mliberman/Cairo.git",
        "state": {
          "branch": null,
          "revision": "3f8e121b44c3816ac87c2ed67ce1a82ec8c586f5",
          "version": "1.3.3"
        }
      }
    ]
  },
  "version": 1
}
