{
  "object": {
    "pins": [
      {
        "package": "Cairo",
        "repositoryURL": "https://github.com/mliberman/Cairo.git",
        "state": {
          "branch": null,
          "revision": "442346df7f4a36390cb2b5ef74be30b9a6ad7e62",
          "version": "1.3.2"
        }
      },
      {
        "package": "CCairo",
        "repositoryURL": "https://github.com/mliberman/CCairo.git",
        "state": {
          "branch": null,
          "revision": "aea9e8ec18c3a0415ea4047f50b3f0c5045b7e00",
          "version": "1.2.0"
        }
      },
      {
        "package": "CCairoJPEG",
        "repositoryURL": "https://github.com/mliberman/CCairoJPEG.git",
        "state": {
          "branch": null,
          "revision": "807153ed0e5e68a31e2746bda76a6cb00e5c166e",
          "version": "1.0.4"
        }
      },
      {
        "package": "CFontConfig",
        "repositoryURL": "https://github.com/mliberman/CFontConfig.git",
        "state": {
          "branch": null,
          "revision": "4d0423371085620203a43e2eb1473e2a7c7b7e56",
          "version": "1.1.0"
        }
      },
      {
        "package": "CFreeType",
        "repositoryURL": "https://github.com/mliberman/CFreeType.git",
        "state": {
          "branch": null,
          "revision": "dde9ca18a67d194253b120804303b29ce395a8ff",
          "version": "1.1.0"
        }
      }
    ]
  },
  "version": 1
}
