{
  "object": {
    "pins": [
      {
        "package": "Cairo",
        "repositoryURL": "https://github.com/mliberman/Cairo.git",
        "state": {
          "branch": "feature/xcode-10.2",
          "revision": "b09cec41c517e934d88451e42833a740b7249b9e",
          "version": null
        }
      }
    ]
  },
  "version": 1
}
